
Microsoft Visual Studio Solution File, Format Version 12.00
# Visual Studio Express 2013 for Web
VisualStudioVersion = 12.0.21005.1
MinimumVisualStudioVersion = 10.0.40219.1
Project("{FAE04EC0-301F-11D3-BF4B-00C04F79EFBC}") = "NameThatWrap", "NameThatWrap\NameThatWrap.csproj", "{4FBA2C0E-1FB6-4035-B5B0-7EA8269EDEB0}"
EndProject
Project("{FAE04EC0-301F-11D3-BF4B-00C04F79EFBC}") = "NameThatWrap.data", "NameThatWrap.data\NameThatWrap.data.csproj", "{B48FF210-175B-4563-86FD-67F233780BEF}"
EndProject
Project("{00D1A9C2-B5F0-4AF3-8072-F6C62B433612}") = "NameThatWrapSql", "NameThatWrapSql\NameThatWrapSql.sqlproj", "{A002904D-71BE-4792-BB80-83B623F50F82}"
EndProject
Global
	GlobalSection(SolutionConfigurationPlatforms) = preSolution
		Debug|Any CPU = Debug|Any CPU
		Release|Any CPU = Release|Any CPU
	EndGlobalSection
	GlobalSection(ProjectConfigurationPlatforms) = postSolution
		{4FBA2C0E-1FB6-4035-B5B0-7EA8269EDEB0}.Debug|Any CPU.ActiveCfg = Debug|Any CPU
		{4FBA2C0E-1FB6-4035-B5B0-7EA8269EDEB0}.Debug|Any CPU.Build.0 = Debug|Any CPU
		{4FBA2C0E-1FB6-4035-B5B0-7EA8269EDEB0}.Release|Any CPU.ActiveCfg = Release|Any CPU
		{4FBA2C0E-1FB6-4035-B5B0-7EA8269EDEB0}.Release|Any CPU.Build.0 = Release|Any CPU
		{B48FF210-175B-4563-86FD-67F233780BEF}.Debug|Any CPU.ActiveCfg = Debug|Any CPU
		{B48FF210-175B-4563-86FD-67F233780BEF}.Debug|Any CPU.Build.0 = Debug|Any CPU
		{B48FF210-175B-4563-86FD-67F233780BEF}.Release|Any CPU.ActiveCfg = Release|Any CPU
		{B48FF210-175B-4563-86FD-67F233780BEF}.Release|Any CPU.Build.0 = Release|Any CPU
		{A002904D-71BE-4792-BB80-83B623F50F82}.Debug|Any CPU.ActiveCfg = Debug|Any CPU
		{A002904D-71BE-4792-BB80-83B623F50F82}.Debug|Any CPU.Build.0 = Debug|Any CPU
		{A002904D-71BE-4792-BB80-83B623F50F82}.Debug|Any CPU.Deploy.0 = Debug|Any CPU
		{A002904D-71BE-4792-BB80-83B623F50F82}.Release|Any CPU.ActiveCfg = Release|Any CPU
		{A002904D-71BE-4792-BB80-83B623F50F82}.Release|Any CPU.Build.0 = Release|Any CPU
		{A002904D-71BE-4792-BB80-83B623F50F82}.Release|Any CPU.Deploy.0 = Release|Any CPU
	EndGlobalSection
	GlobalSection(SolutionProperties) = preSolution
		HideSolutionNode = FALSE
	EndGlobalSection
EndGlobal
